
Microsoft Visual Studio Solution File, Format Version 12.00
# Visual Studio Version 16
VisualStudioVersion = 16.0.34114.132
MinimumVisualStudioVersion = 10.0.40219.1
Project("{F184B08F-C81C-45F6-A57F-5ABD9991F28F}") = "Point of Sale System", "Point of Sale System\Point of Sale System.vbproj", "{A339CECF-47CF-429C-B04A-70BF4518EA31}"
EndProject
Global
	GlobalSection(SolutionConfigurationPlatforms) = preSolution
		Debug|Any CPU = Debug|Any CPU
		Release|Any CPU = Release|Any CPU
	EndGlobalSection
	GlobalSection(ProjectConfigurationPlatforms) = postSolution
		{A339CECF-47CF-429C-B04A-70BF4518EA31}.Debug|Any CPU.ActiveCfg = Debug|Any CPU
		{A339CECF-47CF-429C-B04A-70BF4518EA31}.Debug|Any CPU.Build.0 = Debug|Any CPU
		{A339CECF-47CF-429C-B04A-70BF4518EA31}.Release|Any CPU.ActiveCfg = Release|Any CPU
		{A339CECF-47CF-429C-B04A-70BF4518EA31}.Release|Any CPU.Build.0 = Release|Any CPU
	EndGlobalSection
	GlobalSection(SolutionProperties) = preSolution
		HideSolutionNode = FALSE
	EndGlobalSection
	GlobalSection(ExtensibilityGlobals) = postSolution
		SolutionGuid = {E14D1E5B-7A5F-46AE-A608-5122AB65E22D}
	EndGlobalSection
EndGlobal
